
Microsoft Visual Studio Solution File, Format Version 12.00
# Visual Studio Version 17
VisualStudioVersion = 17.1.32228.430
MinimumVisualStudioVersion = 10.0.40219.1
Project("{FAE04EC0-301F-11D3-BF4B-00C04F79EFBC}") = "Discord.Net.Tools.Localization.Resx", "Discord.Net.Tools.Localization.Resx\Discord.Net.Tools.Localization.Resx.csproj", "{9D43C002-9301-4893-BA2A-6A2710C80BB9}"
EndProject
Project("{9A19103F-16F7-4668-BE54-9A1E7A4F7556}") = "Discord.Net.Tools.Localization.Resx", "Discord.Net.Tools.Localization.Resx\Discord.Net.Tools.Localization.Resx.csproj", "{C148F829-747E-45E9-A15D-2E75FC9F6D27}"
EndProject
Global
	GlobalSection(SolutionConfigurationPlatforms) = preSolution
		Debug|Any CPU = Debug|Any CPU
		Release|Any CPU = Release|Any CPU
	EndGlobalSection
	GlobalSection(ProjectConfigurationPlatforms) = postSolution
		{4ED131DB-A9AF-4D73-898A-D39FC3EC9139}.Debug|Any CPU.ActiveCfg = Debug|Any CPU
		{4ED131DB-A9AF-4D73-898A-D39FC3EC9139}.Debug|Any CPU.Build.0 = Debug|Any CPU
		{4ED131DB-A9AF-4D73-898A-D39FC3EC9139}.Release|Any CPU.ActiveCfg = Release|Any CPU
		{4ED131DB-A9AF-4D73-898A-D39FC3EC9139}.Release|Any CPU.Build.0 = Release|Any CPU
		{C148F829-747E-45E9-A15D-2E75FC9F6D27}.Debug|Any CPU.ActiveCfg = Debug|Any CPU
		{C148F829-747E-45E9-A15D-2E75FC9F6D27}.Debug|Any CPU.Build.0 = Debug|Any CPU
		{C148F829-747E-45E9-A15D-2E75FC9F6D27}.Release|Any CPU.ActiveCfg = Release|Any CPU
		{C148F829-747E-45E9-A15D-2E75FC9F6D27}.Release|Any CPU.Build.0 = Release|Any CPU
	EndGlobalSection
	GlobalSection(SolutionProperties) = preSolution
		HideSolutionNode = FALSE
	EndGlobalSection
	GlobalSection(ExtensibilityGlobals) = postSolution
		SolutionGuid = {EFC96DEB-C677-49C6-B809-CD1C7B1FEAF6}
	EndGlobalSection
EndGlobal
